
Microsoft Visual Studio Solution File, Format Version 12.00
# Visual Studio Version 17
VisualStudioVersion = 17.0.31903.59
MinimumVisualStudioVersion = 10.0.40219.1
Project("{2150E333-8FDC-42A3-9474-1A3956D46DE8}") = "b-Code-HistoryVulcan", "b-Code-HistoryVulcan", "{C3E1AE08-5A3A-741C-0ADC-7744F68B6C34}"
EndProject
Project("{FAE04EC0-301F-11D3-BF4B-00C04F79EFBC}") = "HistoryVulcan.Core", "b-Code-HistoryVulcan\HistoryVulcan.Core\HistoryVulcan.Core.csproj", "{1BC9F92E-4179-4F91-B93D-81F9547F319F}"
EndProject
Project("{FAE04EC0-301F-11D3-BF4B-00C04F79EFBC}") = "HistoryVulcan.Services", "b-Code-HistoryVulcan\HistoryVulcan.Services\HistoryVulcan.Services.csproj", "{DAD4014F-A584-4E68-8317-CBA8B10C33B0}"
EndProject
Project("{FAE04EC0-301F-11D3-BF4B-00C04F79EFBC}") = "HistoryVulcan.ServiceHost", "b-Code-HistoryVulcan\HistoryVulcan.ServiceHost\HistoryVulcan.ServiceHost.csproj", "{961226E3-8C7F-4F6F-930D-6520FC5EBF68}"
EndProject
Project("{FAE04EC0-301F-11D3-BF4B-00C04F79EFBC}") = "App", "b-Code-HistoryVulcan\App\App.csproj", "{DAC78FF9-E7FA-4C13-8361-AEECCC44F1C2}"
EndProject
Project("{FAE04EC0-301F-11D3-BF4B-00C04F79EFBC}") = "HistoryVulcan.Tests", "b-Code-Tests\HistoryVulcan.Tests\HistoryVulcan.Tests.csproj", "{635B097E-7F87-43E7-AA5D-F6D106A1E9B0}"
EndProject
Project("{2150E333-8FDC-42A3-9474-1A3956D46DE8}") = "Cli", "Cli", "{E218A666-D922-9B06-0BD2-A785B8A92118}"
EndProject
Project("{FAE04EC0-301F-11D3-BF4B-00C04F79EFBC}") = "HistoryVulcan.Cli", "b-Code-HistoryVulcan\Cli\HistoryVulcan.Cli.csproj", "{EE6A9AAF-74D3-481F-BD84-39F3C52CF249}"
EndProject
Project("{2150E333-8FDC-42A3-9474-1A3956D46DE8}") = "b-Code-Samples", "b-Code-Samples", "{3A7E91C4-2B58-4F0D-9C1A-6E8B4D2F70A1}"
EndProject
Project("{FAE04EC0-301F-11D3-BF4B-00C04F79EFBC}") = "DemoModule", "b-Code-Samples\DemoModule\DemoModule.csproj", "{8F3C1A2E-9D47-4B6A-8E21-5C7D9F0A4B12}"
EndProject
Global
	GlobalSection(SolutionConfigurationPlatforms) = preSolution
		Debug|Any CPU = Debug|Any CPU
		Debug|x64 = Debug|x64
		Debug|x86 = Debug|x86
		Release|Any CPU = Release|Any CPU
		Release|x64 = Release|x64
		Release|x86 = Release|x86
	EndGlobalSection
	GlobalSection(ProjectConfigurationPlatforms) = postSolution
		{1BC9F92E-4179-4F91-B93D-81F9547F319F}.Debug|Any CPU.ActiveCfg = Debug|Any CPU
		{1BC9F92E-4179-4F91-B93D-81F9547F319F}.Debug|Any CPU.Build.0 = Debug|Any CPU
		{1BC9F92E-4179-4F91-B93D-81F9547F319F}.Debug|x64.ActiveCfg = Debug|Any CPU
		{1BC9F92E-4179-4F91-B93D-81F9547F319F}.Debug|x64.Build.0 = Debug|Any CPU
		{1BC9F92E-4179-4F91-B93D-81F9547F319F}.Debug|x86.ActiveCfg = Debug|Any CPU
		{1BC9F92E-4179-4F91-B93D-81F9547F319F}.Debug|x86.Build.0 = Debug|Any CPU
		{1BC9F92E-4179-4F91-B93D-81F9547F319F}.Release|Any CPU.ActiveCfg = Release|Any CPU
		{1BC9F92E-4179-4F91-B93D-81F9547F319F}.Release|Any CPU.Build.0 = Release|Any CPU
		{1BC9F92E-4179-4F91-B93D-81F9547F319F}.Release|x64.ActiveCfg = Release|Any CPU
		{1BC9F92E-4179-4F91-B93D-81F9547F319F}.Release|x64.Build.0 = Release|Any CPU
		{1BC9F92E-4179-4F91-B93D-81F9547F319F}.Release|x86.ActiveCfg = Release|Any CPU
		{1BC9F92E-4179-4F91-B93D-81F9547F319F}.Release|x86.Build.0 = Release|Any CPU
		{DAD4014F-A584-4E68-8317-CBA8B10C33B0}.Debug|Any CPU.ActiveCfg = Debug|Any CPU
		{DAD4014F-A584-4E68-8317-CBA8B10C33B0}.Debug|Any CPU.Build.0 = Debug|Any CPU
		{DAD4014F-A584-4E68-8317-CBA8B10C33B0}.Debug|x64.ActiveCfg = Debug|Any CPU
		{DAD4014F-A584-4E68-8317-CBA8B10C33B0}.Debug|x64.Build.0 = Debug|Any CPU
		{DAD4014F-A584-4E68-8317-CBA8B10C33B0}.Debug|x86.ActiveCfg = Debug|Any CPU
		{DAD4014F-A584-4E68-8317-CBA8B10C33B0}.Debug|x86.Build.0 = Debug|Any CPU
		{DAD4014F-A584-4E68-8317-CBA8B10C33B0}.Release|Any CPU.ActiveCfg = Release|Any CPU
		{DAD4014F-A584-4E68-8317-CBA8B10C33B0}.Release|Any CPU.Build.0 = Release|Any CPU
		{DAD4014F-A584-4E68-8317-CBA8B10C33B0}.Release|x64.ActiveCfg = Release|Any CPU
		{DAD4014F-A584-4E68-8317-CBA8B10C33B0}.Release|x64.Build.0 = Release|Any CPU
		{DAD4014F-A584-4E68-8317-CBA8B10C33B0}.Release|x86.ActiveCfg = Release|Any CPU
		{DAD4014F-A584-4E68-8317-CBA8B10C33B0}.Release|x86.Build.0 = Release|Any CPU
		{961226E3-8C7F-4F6F-930D-6520FC5EBF68}.Debug|Any CPU.ActiveCfg = Debug|Any CPU
		{961226E3-8C7F-4F6F-930D-6520FC5EBF68}.Debug|Any CPU.Build.0 = Debug|Any CPU
		{961226E3-8C7F-4F6F-930D-6520FC5EBF68}.Debug|x64.ActiveCfg = Debug|Any CPU
		{961226E3-8C7F-4F6F-930D-6520FC5EBF68}.Debug|x64.Build.0 = Debug|Any CPU
		{961226E3-8C7F-4F6F-930D-6520FC5EBF68}.Debug|x86.ActiveCfg = Debug|Any CPU
		{961226E3-8C7F-4F6F-930D-6520FC5EBF68}.Debug|x86.Build.0 = Debug|Any CPU
		{961226E3-8C7F-4F6F-930D-6520FC5EBF68}.Release|Any CPU.ActiveCfg = Release|Any CPU
		{961226E3-8C7F-4F6F-930D-6520FC5EBF68}.Release|Any CPU.Build.0 = Release|Any CPU
		{961226E3-8C7F-4F6F-930D-6520FC5EBF68}.Release|x64.ActiveCfg = Release|Any CPU
		{961226E3-8C7F-4F6F-930D-6520FC5EBF68}.Release|x64.Build.0 = Release|Any CPU
		{961226E3-8C7F-4F6F-930D-6520FC5EBF68}.Release|x86.ActiveCfg = Release|Any CPU
		{961226E3-8C7F-4F6F-930D-6520FC5EBF68}.Release|x86.Build.0 = Release|Any CPU
		{DAC78FF9-E7FA-4C13-8361-AEECCC44F1C2}.Debug|Any CPU.ActiveCfg = Debug|Any CPU
		{DAC78FF9-E7FA-4C13-8361-AEECCC44F1C2}.Debug|Any CPU.Build.0 = Debug|Any CPU
		{DAC78FF9-E7FA-4C13-8361-AEECCC44F1C2}.Debug|x64.ActiveCfg = Debug|Any CPU
		{DAC78FF9-E7FA-4C13-8361-AEECCC44F1C2}.Debug|x64.Build.0 = Debug|Any CPU
		{DAC78FF9-E7FA-4C13-8361-AEECCC44F1C2}.Debug|x86.ActiveCfg = Debug|Any CPU
		{DAC78FF9-E7FA-4C13-8361-AEECCC44F1C2}.Debug|x86.Build.0 = Debug|Any CPU
		{DAC78FF9-E7FA-4C13-8361-AEECCC44F1C2}.Release|Any CPU.ActiveCfg = Release|Any CPU
		{DAC78FF9-E7FA-4C13-8361-AEECCC44F1C2}.Release|Any CPU.Build.0 = Release|Any CPU
		{DAC78FF9-E7FA-4C13-8361-AEECCC44F1C2}.Release|x64.ActiveCfg = Release|Any CPU
		{DAC78FF9-E7FA-4C13-8361-AEECCC44F1C2}.Release|x64.Build.0 = Release|Any CPU
		{DAC78FF9-E7FA-4C13-8361-AEECCC44F1C2}.Release|x86.ActiveCfg = Release|Any CPU
		{DAC78FF9-E7FA-4C13-8361-AEECCC44F1C2}.Release|x86.Build.0 = Release|Any CPU
		{635B097E-7F87-43E7-AA5D-F6D106A1E9B0}.Debug|Any CPU.ActiveCfg = Debug|Any CPU
		{635B097E-7F87-43E7-AA5D-F6D106A1E9B0}.Debug|Any CPU.Build.0 = Debug|Any CPU
		{635B097E-7F87-43E7-AA5D-F6D106A1E9B0}.Debug|x64.ActiveCfg = Debug|Any CPU
		{635B097E-7F87-43E7-AA5D-F6D106A1E9B0}.Debug|x64.Build.0 = Debug|Any CPU
		{635B097E-7F87-43E7-AA5D-F6D106A1E9B0}.Debug|x86.ActiveCfg = Debug|Any CPU
		{635B097E-7F87-43E7-AA5D-F6D106A1E9B0}.Debug|x86.Build.0 = Debug|Any CPU
		{635B097E-7F87-43E7-AA5D-F6D106A1E9B0}.Release|Any CPU.ActiveCfg = Release|Any CPU
		{635B097E-7F87-43E7-AA5D-F6D106A1E9B0}.Release|Any CPU.Build.0 = Release|Any CPU
		{635B097E-7F87-43E7-AA5D-F6D106A1E9B0}.Release|x64.ActiveCfg = Release|Any CPU
		{635B097E-7F87-43E7-AA5D-F6D106A1E9B0}.Release|x64.Build.0 = Release|Any CPU
		{635B097E-7F87-43E7-AA5D-F6D106A1E9B0}.Release|x86.ActiveCfg = Release|Any CPU
		{635B097E-7F87-43E7-AA5D-F6D106A1E9B0}.Release|x86.Build.0 = Release|Any CPU
		{EE6A9AAF-74D3-481F-BD84-39F3C52CF249}.Debug|Any CPU.ActiveCfg = Debug|Any CPU
		{EE6A9AAF-74D3-481F-BD84-39F3C52CF249}.Debug|Any CPU.Build.0 = Debug|Any CPU
		{EE6A9AAF-74D3-481F-BD84-39F3C52CF249}.Debug|x64.ActiveCfg = Debug|Any CPU
		{EE6A9AAF-74D3-481F-BD84-39F3C52CF249}.Debug|x64.Build.0 = Debug|Any CPU
		{EE6A9AAF-74D3-481F-BD84-39F3C52CF249}.Debug|x86.ActiveCfg = Debug|Any CPU
		{EE6A9AAF-74D3-481F-BD84-39F3C52CF249}.Debug|x86.Build.0 = Debug|Any CPU
		{EE6A9AAF-74D3-481F-BD84-39F3C52CF249}.Release|Any CPU.ActiveCfg = Release|Any CPU
		{EE6A9AAF-74D3-481F-BD84-39F3C52CF249}.Release|Any CPU.Build.0 = Release|Any CPU
		{EE6A9AAF-74D3-481F-BD84-39F3C52CF249}.Release|x64.ActiveCfg = Release|Any CPU
		{EE6A9AAF-74D3-481F-BD84-39F3C52CF249}.Release|x64.Build.0 = Release|Any CPU
		{EE6A9AAF-74D3-481F-BD84-39F3C52CF249}.Release|x86.ActiveCfg = Release|Any CPU
		{EE6A9AAF-74D3-481F-BD84-39F3C52CF249}.Release|x86.Build.0 = Release|Any CPU
		{8F3C1A2E-9D47-4B6A-8E21-5C7D9F0A4B12}.Debug|Any CPU.ActiveCfg = Debug|Any CPU
		{8F3C1A2E-9D47-4B6A-8E21-5C7D9F0A4B12}.Debug|Any CPU.Build.0 = Debug|Any CPU
		{8F3C1A2E-9D47-4B6A-8E21-5C7D9F0A4B12}.Debug|x64.ActiveCfg = Debug|Any CPU
		{8F3C1A2E-9D47-4B6A-8E21-5C7D9F0A4B12}.Debug|x64.Build.0 = Debug|Any CPU
		{8F3C1A2E-9D47-4B6A-8E21-5C7D9F0A4B12}.Debug|x86.ActiveCfg = Debug|Any CPU
		{8F3C1A2E-9D47-4B6A-8E21-5C7D9F0A4B12}.Debug|x86.Build.0 = Debug|Any CPU
		{8F3C1A2E-9D47-4B6A-8E21-5C7D9F0A4B12}.Release|Any CPU.ActiveCfg = Release|Any CPU
		{8F3C1A2E-9D47-4B6A-8E21-5C7D9F0A4B12}.Release|Any CPU.Build.0 = Release|Any CPU
		{8F3C1A2E-9D47-4B6A-8E21-5C7D9F0A4B12}.Release|x64.ActiveCfg = Release|Any CPU
		{8F3C1A2E-9D47-4B6A-8E21-5C7D9F0A4B12}.Release|x64.Build.0 = Release|Any CPU
		{8F3C1A2E-9D47-4B6A-8E21-5C7D9F0A4B12}.Release|x86.ActiveCfg = Release|Any CPU
		{8F3C1A2E-9D47-4B6A-8E21-5C7D9F0A4B12}.Release|x86.Build.0 = Release|Any CPU
	EndGlobalSection
	GlobalSection(SolutionProperties) = preSolution
		HideSolutionNode = FALSE
	EndGlobalSection
	GlobalSection(NestedProjects) = preSolution
		{1BC9F92E-4179-4F91-B93D-81F9547F319F} = {C3E1AE08-5A3A-741C-0ADC-7744F68B6C34}
		{DAD4014F-A584-4E68-8317-CBA8B10C33B0} = {C3E1AE08-5A3A-741C-0ADC-7744F68B6C34}
		{961226E3-8C7F-4F6F-930D-6520FC5EBF68} = {C3E1AE08-5A3A-741C-0ADC-7744F68B6C34}
		{DAC78FF9-E7FA-4C13-8361-AEECCC44F1C2} = {C3E1AE08-5A3A-741C-0ADC-7744F68B6C34}
		{E218A666-D922-9B06-0BD2-A785B8A92118} = {C3E1AE08-5A3A-741C-0ADC-7744F68B6C34}
		{EE6A9AAF-74D3-481F-BD84-39F3C52CF249} = {E218A666-D922-9B06-0BD2-A785B8A92118}
		{8F3C1A2E-9D47-4B6A-8E21-5C7D9F0A4B12} = {3A7E91C4-2B58-4F0D-9C1A-6E8B4D2F70A1}
	EndGlobalSection
EndGlobal
